{
  "name": "vv",
  "version": "1.0.0",
  "lockfileVersion": 1,
  "requires": true,
  "dependencies": {
    "clipboard": {
      "version": "2.0.4",
      "resolved": "https://registry.npm.taobao.org/clipboard/download/clipboard-2.0.4.tgz",
      "integrity": "sha1-g22v1mzw/qXXHOXVsL9ulYAJES0=",
      "requires": {
        "good-listener": "^1.2.2",
        "select": "^1.1.2",
        "tiny-emitter": "^2.0.0"
      }
    },
    "delegate": {
      "version": "3.2.0",
      "resolved": "https://registry.npm.taobao.org/delegate/download/delegate-3.2.0.tgz",
      "integrity": "sha1-tmtxwxWFIuirV0T3INjKDCr1kWY="
    },
    "echarts": {
      "version": "file:https:/registry.npm.taobao.org/echarts/download/echarts-4.3.0.tgz?cache=0&sync_timestamp=1569749464143&other_urls=https%3A%2F%2Fregistry.npm.taobao.org%2Fecharts%2Fdownload%2Fecharts-4.3.0.tgz",
      "integrity": "sha1-NyjCtejyd4mPcpm0/hz8U3Fwq9U=",
      "requires": {
        "zrender": "4.1.0"
      }
    },
    "echarts-amap": {
      "version": "1.0.0-rc.6",
      "resolved": "https://registry.npm.taobao.org/echarts-amap/download/echarts-amap-1.0.0-rc.6.tgz?cache=0&sync_timestamp=1561982842860&other_urls=https%3A%2F%2Fregistry.npm.taobao.org%2Fecharts-amap%2Fdownload%2Fecharts-amap-1.0.0-rc.6.tgz",
      "integrity": "sha1-V4KnTa7lLtRM4/j2JXdWF4PwnhY="
    },
    "echarts-liquidfill": {
      "version": "2.0.5",
      "resolved": "https://registry.npm.taobao.org/echarts-liquidfill/download/echarts-liquidfill-2.0.5.tgz",
      "integrity": "sha1-DVBadcLftplQ4Y1EC98/4XlaDu0="
    },
    "echarts-wordcloud": {
      "version": "1.1.3",
      "resolved": "https://registry.npm.taobao.org/echarts-wordcloud/download/echarts-wordcloud-1.1.3.tgz",
      "integrity": "sha1-B7FAyLp2sZwxe0PDEPPV3Jkon/I="
    },
    "good-listener": {
      "version": "1.2.2",
      "resolved": "https://registry.npm.taobao.org/good-listener/download/good-listener-1.2.2.tgz",
      "integrity": "sha1-1TswzfkxPf+33JoNR3CWqm0UXFA=",
      "requires": {
        "delegate": "^3.1.2"
      }
    },
    "js-audio-recorder": {
      "version": "0.4.2",
      "resolved": "https://registry.npm.taobao.org/js-audio-recorder/download/js-audio-recorder-0.4.2.tgz",
      "integrity": "sha1-ptfq/xb+VB5k0c4ZHPDZrsko5Ao="
    },
    "mpvue-echarts": {
      "version": "0.3.1",
      "resolved": "https://registry.npm.taobao.org/mpvue-echarts/download/mpvue-echarts-0.3.1.tgz",
      "integrity": "sha1-TFuu5MnokmCrKUS6UEUnWY2nIR4="
    },
    "numerify": {
      "version": "1.2.9",
      "resolved": "https://registry.npm.taobao.org/numerify/download/numerify-1.2.9.tgz",
      "integrity": "sha1-r0aWux1X+NOXCmFdiwzVPZMr1Vk="
    },
    "select": {
      "version": "1.1.2",
      "resolved": "https://registry.npm.taobao.org/select/download/select-1.1.2.tgz",
      "integrity": "sha1-DnNQrN7ICxEIUoeG7B1EGNEbOW0="
    },
    "tiny-emitter": {
      "version": "2.1.0",
      "resolved": "https://registry.npm.taobao.org/tiny-emitter/download/tiny-emitter-2.1.0.tgz",
      "integrity": "sha1-HRpW7fxRxD6GPLtTgqcjMONVVCM="
    },
    "utils-lite": {
      "version": "0.1.10",
      "resolved": "https://registry.npm.taobao.org/utils-lite/download/utils-lite-0.1.10.tgz",
      "integrity": "sha1-0pCMBILiPDHmsIJVhUDnE0/619c="
    },
    "v-charts": {
      "version": "1.19.0",
      "resolved": "https://registry.npm.taobao.org/v-charts/download/v-charts-1.19.0.tgz",
      "integrity": "sha1-B7cBgAsVm9UUJk/8i/ErBAUULaM=",
      "requires": {
        "echarts-amap": "1.0.0-rc.6",
        "echarts-liquidfill": "^2.0.2",
        "echarts-wordcloud": "^1.1.3",
        "numerify": "1.2.9",
        "utils-lite": "0.1.10"
      }
    },
    "vue-clipboard2": {
      "version": "0.3.1",
      "resolved": "https://registry.npm.taobao.org/vue-clipboard2/download/vue-clipboard2-0.3.1.tgz",
      "integrity": "sha1-blUft704SImyiw2jsSKJ7WvKSJQ=",
      "requires": {
        "clipboard": "^2.0.0"
      }
    },
    "zrender": {
      "version": "4.1.0",
      "resolved": "https://registry.npm.taobao.org/zrender/download/zrender-4.1.0.tgz",
      "integrity": "sha1-hmq5fQdExHPZsxSsWonnIHwUBgg="
    }
  }
}
